# This file was autogenerated by Stack.
# You should not edit this file by hand.
# For more information, please see the documentation at:
#   https://docs.haskellstack.org/en/stable/lock_files

packages:
- completed:
    hackage: random-1.1@sha256:7b67624fd76ddf97c206de0801dc7e888097e9d572974be9b9ea6551d76965df,1777
    pantry-tree:
      size: 637
      sha256: 14a1b01728c5584e87c9fa00746a66e28ffd89dd2c0eabd334c8463953496e1b
  original:
    hackage: random-1.1
- completed:
    hackage: mwc-random-0.14.0.0@sha256:6ae33e246e91f66f621caabb2323b431c8dab57427a417a98f5cac3d82eb7b21,1810
    pantry-tree:
      size: 550
      sha256: e11223e91b7630bac2c7db96b5b8a9a950d66e4998774d39cfe22984148a810d
  original:
    hackage: mwc-random-0.14.0.0
- completed:
    hackage: hvega-0.10.0.0@sha256:835ac19da85b3d71399e217d05c2cb7ed24cfa0abd51dd0fd84003fd920d9bfc,10922
    pantry-tree:
      size: 55151
      sha256: d25bff5eee3b7952c26816ae71df55636e915cd0e86f2918038d22e87103a8c6
  original:
    hackage: hvega-0.10.0.0
- completed:
    hackage: ihaskell-hvega-0.3.1.0@sha256:1c631155c6fc752b74015be2c08af377ce99b27a2a081358d7f863eb4138ae6d,1182
    pantry-tree:
      size: 430
      sha256: 61d7734045589ff3d8adbbead5772816138c7e55b394feb4dd5acb20554e5ea2
  original:
    hackage: ihaskell-hvega-0.3.1.0
- completed:
    hackage: ihaskell-0.10.1.0@sha256:f45e52e4258ab9f5e8b9ad82a934f29f82c4abe980244920ebc05a3aa424e2fa,6492
    pantry-tree:
      size: 2359
      sha256: d7eb29ed8e788d6c927a6e7cfc7ed33b59effdc068156d7a2f532fc765d7ed51
  original:
    hackage: ihaskell-0.10.1.0
- completed:
    hackage: aeson-1.4.6.0@sha256:560575b008a23960403a128331f0e59594786b5cd19a35be0cd74b9a7257958e,6980
    pantry-tree:
      size: 40193
      sha256: 5769473440ae594ae8679dde9fe12b6d00a49264a9dd8962a53ff3ae5740d7a5
  original:
    hackage: aeson-1.4.6.0
- completed:
    hackage: time-compat-1.9.5@sha256:f343bc5339a217ecef497e3a730017e15f5c396713fe1d653b8a9e7b1f666988,4932
    pantry-tree:
      size: 4112
      sha256: 1dfc249511e7c6797fd74057b2778a3d11a6568b919313d40c33f788a2df3e65
  original:
    hackage: time-compat-1.9.5
- completed:
    hackage: base-orphans-0.8.4@sha256:9a70dc95761ab9a9d49a038a4599b7b7945d486d80ed1678f347445bc336f3e0,3149
    pantry-tree:
      size: 1272
      sha256: a0bef7fa45e025ba23bf18d11240abc02cf82a4b9c087833af719d19427fe799
  original:
    hackage: base-orphans-0.8.4
- completed:
    hackage: bytestring-0.10.8.2@sha256:8d9d06eebc99c400487de22404fc20059d7889845c13d6a65cae9140174811bf,8938
    pantry-tree:
      size: 2788
      sha256: b7070ca41bad14282eb0ea95e15f318eeb2fc5ccf8450d81b965c840a6e862d9
  original:
    hackage: bytestring-0.10.8.2
- completed:
    hackage: directory-1.3.1.5@sha256:32305179022172a41fc74b83c726a1e4385725dee53ccb1fb869d000013a3788,2793
    pantry-tree:
      size: 3251
      sha256: 4cc9afbabec713c46eeaa31e81c521838bf8e5f4779ebc5e0cc4c18a3bf8c1f1
  original:
    hackage: directory-1.3.1.5
- completed:
    hackage: unix-2.7.2.2@sha256:55d8af3f25d2a92c86951a2d8fc47aebe80015a895c4f0e57320cfdae78dd7c1,3496
    pantry-tree:
      size: 3536
      sha256: e816eca2bf42fda4da49c744b146a301ae0435380cc163ad2fbc889cf0a4e27f
  original:
    hackage: unix-2.7.2.2
- completed:
    hackage: process-1.6.10.0@sha256:c0d2d8adaca7cea7ceaa60e67b61c775dc03727b83bdb1c97aa8cbeac9f5dd84,2469
    pantry-tree:
      size: 1211
      sha256: 6e90778b5105753d7de0f7a0c502dadf8f04825f17a36186aa801e56ef7ca206
  original:
    hackage: process-1.6.10.0
- completed:
    hackage: binary-0.8.5.1@sha256:5d263bfdeb4943f3a492177c98b51e5ef2327e728fcbb579b40e6d70e2c7c368,5994
    pantry-tree:
      size: 1915
      sha256: 3ae53cb18b0922e9b6e733fe8ddc6a7e9175dc3228899a17c416d64e32af5481
  original:
    hackage: binary-0.8.5.1
- completed:
    hackage: ipython-kernel-0.10.2.1@sha256:3a2ba95eb65be03d8c548d8afacfed52d9acc49e357065c25e77816358093c19,2834
    pantry-tree:
      size: 792
      sha256: a8f039d2f5ca5a92d47be1158e44f87faae95cfd2d410afd400df578fe071569
  original:
    hackage: ipython-kernel-0.10.2.1
- completed:
    hackage: ghc-boot-8.4.4@sha256:55abb649fa0bfbdbfceef419a312643c6e4fe961452eb350717c72b527fd0663,1740
    pantry-tree:
      size: 445
      sha256: 98e5e2d788fe71bec1241d70955e27bd1f031ab44c6158039526ef2f81416a9c
  original:
    hackage: ghc-boot-8.4.4
- completed:
    hackage: ghc-boot-th-8.4.4@sha256:98dcfaa7635e98a66cc591996874994533a450ec18aa4ac851f4d5ac71ae4bfa,1108
    pantry-tree:
      size: 397
      sha256: 2c6e188bb2337a75a5d4f8008bd6239685eaf0192ebd6645e4a2e253a782968d
  original:
    hackage: ghc-boot-th-8.4.4
- completed:
    hackage: ghc-parser-0.2.2.0@sha256:a8ca5ecc83ec59c998d566c547eb0addf69330744c42eafb4c774c0ce8d93883,1190
    pantry-tree:
      size: 488
      sha256: c74b51af6ff33494bea70a91a3a158554b00ea4a35c5b95e91b26296359d41c6
  original:
    hackage: ghc-parser-0.2.2.0
- completed:
    hackage: text-1.2.4.0@sha256:8c24450feb8e3bbb7ea3e17af24ef57e85db077c4bf53e5bcc345b283d1b1d5b,10081
    pantry-tree:
      size: 7457
      sha256: 3437b0a73ce2ae1a81aa8b3438d41a85981c00894cdbee0d6d6d6873046a5d5d
  original:
    hackage: text-1.2.4.0
- completed:
    hackage: monad-bayes-0.1.0.0@sha256:7ac7ef909cdf8247754e557172e8fd1047c413bdb9dca5153a3fbe33676112b8,5406
    pantry-tree:
      size: 2414
      sha256: 5c40e54652c3e2af6bc1c0e8471834f5459451e57dcd71d892dcc644fb540157
  original:
    hackage: monad-bayes-0.1.0.0
- completed:
    hackage: log-domain-0.13@sha256:fa63ae1b4678ace32e566ad28cd372b79f895d4f4bbdd09295a36619dfd9d4b7,2680
    pantry-tree:
      size: 924
      sha256: c10fb1956c98018fe44793f07d18c99ad08d9363a6331e937f2fdaf828e90d70
  original:
    hackage: log-domain-0.13
snapshots:
- completed:
    size: 508406
    url: https://raw.githubusercontent.com/commercialhaskell/stackage-snapshots/master/lts/12/21.yaml
    sha256: 609dd00c32f59e11bb333b9113d9d2e54269627de1268cbb3cc576af8c7b6237
  original: lts-12.21
